
Microsoft Visual Studio Solution File, Format Version 12.00
# Visual Studio 15
VisualStudioVersion = 15.0.28307.960
MinimumVisualStudioVersion = 10.0.40219.1
Project("{FAE04EC0-301F-11D3-BF4B-00C04F79EFBC}") = "WebZipLocation", "WebZipLocation\WebZipLocation.csproj", "{67910DB6-02D0-493A-88C3-89B73D697308}"
EndProject
Project("{FAE04EC0-301F-11D3-BF4B-00C04F79EFBC}") = "TestingWebApi", "TestingWebApi\TestingWebApi.csproj", "{687802DF-98FB-4465-8E8B-E7B276DC320A}"
EndProject
Project("{9A19103F-16F7-4668-BE54-9A1E7A4F7556}") = "ModelZipLocation", "ModelZipLocation\ModelZipLocation.csproj", "{EDECDCEE-3750-458F-B407-0FEAD03FB29B}"
EndProject
Project("{2150E333-8FDC-42A3-9474-1A3956D46DE8}") = "Solution Items", "Solution Items", "{5231CA56-C91F-4A70-AE71-0FDB433D2E24}"
	ProjectSection(SolutionItems) = preProject
		ReadMe.txt = ReadMe.txt
	EndProjectSection
EndProject
Global
	GlobalSection(SolutionConfigurationPlatforms) = preSolution
		Debug|Any CPU = Debug|Any CPU
		Release|Any CPU = Release|Any CPU
	EndGlobalSection
	GlobalSection(ProjectConfigurationPlatforms) = postSolution
		{67910DB6-02D0-493A-88C3-89B73D697308}.Debug|Any CPU.ActiveCfg = Debug|Any CPU
		{67910DB6-02D0-493A-88C3-89B73D697308}.Debug|Any CPU.Build.0 = Debug|Any CPU
		{67910DB6-02D0-493A-88C3-89B73D697308}.Release|Any CPU.ActiveCfg = Release|Any CPU
		{67910DB6-02D0-493A-88C3-89B73D697308}.Release|Any CPU.Build.0 = Release|Any CPU
		{687802DF-98FB-4465-8E8B-E7B276DC320A}.Debug|Any CPU.ActiveCfg = Debug|Any CPU
		{687802DF-98FB-4465-8E8B-E7B276DC320A}.Debug|Any CPU.Build.0 = Debug|Any CPU
		{687802DF-98FB-4465-8E8B-E7B276DC320A}.Release|Any CPU.ActiveCfg = Release|Any CPU
		{687802DF-98FB-4465-8E8B-E7B276DC320A}.Release|Any CPU.Build.0 = Release|Any CPU
		{EDECDCEE-3750-458F-B407-0FEAD03FB29B}.Debug|Any CPU.ActiveCfg = Debug|Any CPU
		{EDECDCEE-3750-458F-B407-0FEAD03FB29B}.Debug|Any CPU.Build.0 = Debug|Any CPU
		{EDECDCEE-3750-458F-B407-0FEAD03FB29B}.Release|Any CPU.ActiveCfg = Release|Any CPU
		{EDECDCEE-3750-458F-B407-0FEAD03FB29B}.Release|Any CPU.Build.0 = Release|Any CPU
	EndGlobalSection
	GlobalSection(SolutionProperties) = preSolution
		HideSolutionNode = FALSE
	EndGlobalSection
	GlobalSection(ExtensibilityGlobals) = postSolution
		SolutionGuid = {DA25DD53-5FD3-4F69-B20B-17E10AE192CE}
	EndGlobalSection
EndGlobal
